// !$*UTF8*$!
{
	archiveVersion = 1;
	classes = {
	};
	objectVersion = 55;
	objects = {

/* Begin PBXBuildFile section */
		DD495A2128B6BC7F0018D04B /* EditFoodView.swift in Sources */ = {isa = PBXBuildFile; fileRef = DD495A2028B6BC7F0018D04B /* EditFoodView.swift */; };
		DD9A376328AD9B3D0041C507 /* SmartNutritionApp.swift in Sources */ = {isa = PBXBuildFile; fileRef = DD9A376228AD9B3D0041C507 /* SmartNutritionApp.swift */; };
		DD9A376528AD9B3D0041C507 /* ContentView.swift in Sources */ = {isa = PBXBuildFile; fileRef = DD9A376428AD9B3D0041C507 /* ContentView.swift */; };
		DD9A376728AD9B3F0041C507 /* Assets.xcassets in Resources */ = {isa = PBXBuildFile; fileRef = DD9A376628AD9B3F0041C507 /* Assets.xcassets */; };
		DD9A376A28AD9B3F0041C507 /* Preview Assets.xcassets in Resources */ = {isa = PBXBuildFile; fileRef = DD9A376928AD9B3F0041C507 /* Preview Assets.xcassets */; };
		DD9A377328AD9C640041C507 /* FoodModel.xcdatamodeld in Sources */ = {isa = PBXBuildFile; fileRef = DD9A377128AD9C640041C507 /* FoodModel.xcdatamodeld */; };
		DD9A377528AD9DDD0041C507 /* DataController.swift in Sources */ = {isa = PBXBuildFile; fileRef = DD9A377428AD9DDD0041C507 /* DataController.swift */; };
		DD9A377928ADA2C30041C507 /* AddFoodView.swift in Sources */ = {isa = PBXBuildFile; fileRef = DD9A377828ADA2C30041C507 /* AddFoodView.swift */; };
		DD9A377B28ADAB800041C507 /* TimeForMatting.swift in Sources */ = {isa = PBXBuildFile; fileRef = DD9A377A28ADAB800041C507 /* TimeForMatting.swift */; };
/* End PBXBuildFile section */

/* Begin PBXFileReference section */
		DD495A2028B6BC7F0018D04B /* EditFoodView.swift */ = {isa = PBXFileReference; lastKnownFileType = sourcecode.swift; path = EditFoodView.swift; sourceTree = "<group>"; };
		DD9A375F28AD9B3C0041C507 /* SmartNutrition.app */ = {isa = PBXFileReference; explicitFileType = wrapper.application; includeInIndex = 0; path = SmartNutrition.app; sourceTree = BUILT_PRODUCTS_DIR; };
		DD9A376228AD9B3D0041C507 /* SmartNutritionApp.swift */ = {isa = PBXFileReference; lastKnownFileType = sourcecode.swift; path = SmartNutritionApp.swift; sourceTree = "<group>"; };
		DD9A376428AD9B3D0041C507 /* ContentView.swift */ = {isa = PBXFileReference; lastKnownFileType = sourcecode.swift; path = ContentView.swift; sourceTree = "<group>"; };
		DD9A376628AD9B3F0041C507 /* Assets.xcassets */ = {isa = PBXFileReference; lastKnownFileType = folder.assetcatalog; path = Assets.xcassets; sourceTree = "<group>"; };
		DD9A376928AD9B3F0041C507 /* Preview Assets.xcassets */ = {isa = PBXFileReference; lastKnownFileType = folder.assetcatalog; path = "Preview Assets.xcassets"; sourceTree = "<group>"; };
		DD9A377228AD9C640041C507 /* FoodModel.xcdatamodel */ = {isa = PBXFileReference; lastKnownFileType = wrapper.xcdatamodel; path = FoodModel.xcdatamodel; sourceTree = "<group>"; };
		DD9A377428AD9DDD0041C507 /* DataController.swift */ = {isa = PBXFileReference; lastKnownFileType = sourcecode.swift; path = DataController.swift; sourceTree = "<group>"; };
		DD9A377828ADA2C30041C507 /* AddFoodView.swift */ = {isa = PBXFileReference; lastKnownFileType = sourcecode.swift; path = AddFoodView.swift; sourceTree = "<group>"; };
		DD9A377A28ADAB800041C507 /* TimeForMatting.swift */ = {isa = PBXFileReference; lastKnownFileType = sourcecode.swift; name = TimeForMatting.swift; path = ../../../../../Documents/TimeForMatting.swift; sourceTree = "<group>"; };
/* End PBXFileReference section */

/* Begin PBXFrameworksBuildPhase section */
		DD9A375C28AD9B3C0041C507 /* Frameworks */ = {
			isa = PBXFrameworksBuildPhase;
			buildActionMask = 2147483647;
			files = (
			);
			runOnlyForDeploymentPostprocessing = 0;
		};
/* End PBXFrameworksBuildPhase section */

/* Begin PBXGroup section */
		DD9A375628AD9B3C0041C507 = {
			isa = PBXGroup;
			children = (
				DD9A376128AD9B3C0041C507 /* SmartNutrition */,
				DD9A376028AD9B3C0041C507 /* Products */,
			);
			sourceTree = "<group>";
		};
		DD9A376028AD9B3C0041C507 /* Products */ = {
			isa = PBXGroup;
			children = (
				DD9A375F28AD9B3C0041C507 /* SmartNutrition.app */,
			);
			name = Products;
			sourceTree = "<group>";
		};
		DD9A376128AD9B3C0041C507 /* SmartNutrition */ = {
			isa = PBXGroup;
			children = (
				DD9A376228AD9B3D0041C507 /* SmartNutritionApp.swift */,
				DD9A377728ADA2300041C507 /* Additionals */,
				DD9A377628ADA20D0041C507 /* Views */,
				DD9A377028AD9B9B0041C507 /* DataModel */,
				DD9A376628AD9B3F0041C507 /* Assets.xcassets */,
				DD9A376828AD9B3F0041C507 /* Preview Content */,
			);
			path = SmartNutrition;
			sourceTree = "<group>";
		};
		DD9A376828AD9B3F0041C507 /* Preview Content */ = {
			isa = PBXGroup;
			children = (
				DD9A376928AD9B3F0041C507 /* Preview Assets.xcassets */,
			);
			path = "Preview Content";
			sourceTree = "<group>";
		};
		DD9A377028AD9B9B0041C507 /* DataModel */ = {
			isa = PBXGroup;
			children = (
				DD9A377128AD9C640041C507 /* FoodModel.xcdatamodeld */,
				DD9A377428AD9DDD0041C507 /* DataController.swift */,
			);
			path = DataModel;
			sourceTree = "<group>";
		};
		DD9A377628ADA20D0041C507 /* Views */ = {
			isa = PBXGroup;
			children = (
				DD9A376428AD9B3D0041C507 /* ContentView.swift */,
				DD9A377828ADA2C30041C507 /* AddFoodView.swift */,
				DD495A2028B6BC7F0018D04B /* EditFoodView.swift */,
			);
			path = Views;
			sourceTree = "<group>";
		};
		DD9A377728ADA2300041C507 /* Additionals */ = {
			isa = PBXGroup;
			children = (
				DD9A377A28ADAB800041C507 /* TimeForMatting.swift */,
			);
			path = Additionals;
			sourceTree = "<group>";
		};
/* End PBXGroup section */

/* Begin PBXNativeTarget section */
		DD9A375E28AD9B3C0041C507 /* SmartNutrition */ = {
			isa = PBXNativeTarget;
			buildConfigurationList = DD9A376D28AD9B3F0041C507 /* Build configuration list for PBXNativeTarget "SmartNutrition" */;
			buildPhases = (
				DD9A375B28AD9B3C0041C507 /* Sources */,
				DD9A375C28AD9B3C0041C507 /* Frameworks */,
				DD9A375D28AD9B3C0041C507 /* Resources */,
			);
			buildRules = (
			);
			dependencies = (
			);
			name = SmartNutrition;
			productName = inutrition;
			productReference = DD9A375F28AD9B3C0041C507 /* SmartNutrition.app */;
			productType = "com.apple.product-type.application";
		};
/* End PBXNativeTarget section */

/* Begin PBXProject section */
		DD9A375728AD9B3C0041C507 /* Project object */ = {
			isa = PBXProject;
			attributes = {
				BuildIndependentTargetsInParallel = 1;
				LastSwiftUpdateCheck = 1320;
				LastUpgradeCheck = 1320;
				TargetAttributes = {
					DD9A375E28AD9B3C0041C507 = {
						CreatedOnToolsVersion = 13.2.1;
					};
				};
			};
			buildConfigurationList = DD9A375A28AD9B3C0041C507 /* Build configuration list for PBXProject "SmartNutrition" */;
			compatibilityVersion = "Xcode 13.0";
			developmentRegion = en;
			hasScannedForEncodings = 0;
			knownRegions = (
				en,
				Base,
			);
			mainGroup = DD9A375628AD9B3C0041C507;
			productRefGroup = DD9A376028AD9B3C0041C507 /* Products */;
			projectDirPath = "";
			projectRoot = "";
			targets = (
				DD9A375E28AD9B3C0041C507 /* SmartNutrition */,
			);
		};
/* End PBXProject section */

/* Begin PBXResourcesBuildPhase section */
		DD9A375D28AD9B3C0041C507 /* Resources */ = {
			isa = PBXResourcesBuildPhase;
			buildActionMask = 2147483647;
			files = (
				DD9A376A28AD9B3F0041C507 /* Preview Assets.xcassets in Resources */,
				DD9A376728AD9B3F0041C507 /* Assets.xcassets in Resources */,
			);
			runOnlyForDeploymentPostprocessing = 0;
		};
/* End PBXResourcesBuildPhase section */

/* Begin PBXSourcesBuildPhase section */
		DD9A375B28AD9B3C0041C507 /* Sources */ = {
			isa = PBXSourcesBuildPhase;
			buildActionMask = 2147483647;
			files = (
				DD9A377928ADA2C30041C507 /* AddFoodView.swift in Sources */,
				DD9A376528AD9B3D0041C507 /* ContentView.swift in Sources */,
				DD9A377528AD9DDD0041C507 /* DataController.swift in Sources */,
				DD9A376328AD9B3D0041C507 /* SmartNutritionApp.swift in Sources */,
				DD9A377328AD9C640041C507 /* FoodModel.xcdatamodeld in Sources */,
				DD495A2128B6BC7F0018D04B /* EditFoodView.swift in Sources */,
				DD9A377B28ADAB800041C507 /* TimeForMatting.swift in Sources */,
			);
			runOnlyForDeploymentPostprocessing = 0;
		};
/* End PBXSourcesBuildPhase section */

/* Begin XCBuildConfiguration section */
		DD9A376B28AD9B3F0041C507 /* Debug */ = {
			isa = XCBuildConfiguration;
			buildSettings = {
				ALWAYS_SEARCH_USER_PATHS = NO;
				CLANG_ANALYZER_NONNULL = YES;
				CLANG_ANALYZER_NUMBER_OBJECT_CONVERSION = YES_AGGRESSIVE;
				CLANG_CXX_LANGUAGE_STANDARD = "gnu++17";
				CLANG_CXX_LIBRARY = "libc++";
				CLANG_ENABLE_MODULES = YES;
				CLANG_ENABLE_OBJC_ARC = YES;
				CLANG_ENABLE_OBJC_WEAK = YES;
				CLANG_WARN_BLOCK_CAPTURE_AUTORELEASING = YES;
				CLANG_WARN_BOOL_CONVERSION = YES;
				CLANG_WARN_COMMA = YES;
				CLANG_WARN_CONSTANT_CONVERSION = YES;
				CLANG_WARN_DEPRECATED_OBJC_IMPLEMENTATIONS = YES;
				CLANG_WARN_DIRECT_OBJC_ISA_USAGE = YES_ERROR;
				CLANG_WARN_DOCUMENTATION_COMMENTS = YES;
				CLANG_WARN_EMPTY_BODY = YES;
				CLANG_WARN_ENUM_CONVERSION = YES;
				CLANG_WARN_INFINITE_RECURSION = YES;
				CLANG_WARN_INT_CONVERSION = YES;
				CLANG_WARN_NON_LITERAL_NULL_CONVERSION = YES;
				CLANG_WARN_OBJC_IMPLICIT_RETAIN_SELF = YES;
				CLANG_WARN_OBJC_LITERAL_CONVERSION = YES;
				CLANG_WARN_OBJC_ROOT_CLASS = YES_ERROR;
				CLANG_WARN_QUOTED_INCLUDE_IN_FRAMEWORK_HEADER = YES;
				CLANG_WARN_RANGE_LOOP_ANALYSIS = YES;
				CLANG_WARN_STRICT_PROTOTYPES = YES;
				CLANG_WARN_SUSPICIOUS_MOVE = YES;
				CLANG_WARN_UNGUARDED_AVAILABILITY = YES_AGGRESSIVE;
				CLANG_WARN_UNREACHABLE_CODE = YES;
				CLANG_WARN__DUPLICATE_METHOD_MATCH = YES;
				COPY_PHASE_STRIP = NO;
				DEBUG_INFORMATION_FORMAT = dwarf;
				ENABLE_STRICT_OBJC_MSGSEND = YES;
				ENABLE_TESTABILITY = YES;
				GCC_C_LANGUAGE_STANDARD = gnu11;
				GCC_DYNAMIC_NO_PIC = NO;
				GCC_NO_COMMON_BLOCKS = YES;
				GCC_OPTIMIZATION_LEVEL = 0;
				GCC_PREPROCESSOR_DEFINITIONS = (
					"DEBUG=1",
					"$(inherited)",
				);
				GCC_WARN_64_TO_32_BIT_CONVERSION = YES;
				GCC_WARN_ABOUT_RETURN_TYPE = YES_ERROR;
				GCC_WARN_UNDECLARED_SELECTOR = YES;
				GCC_WARN_UNINITIALIZED_AUTOS = YES_AGGRESSIVE;
				GCC_WARN_UNUSED_FUNCTION = YES;
				GCC_WARN_UNUSED_VARIABLE = YES;
				IPHONEOS_DEPLOYMENT_TARGET = 15.2;
				MTL_ENABLE_DEBUG_INFO = INCLUDE_SOURCE;
				MTL_FAST_MATH = YES;
				ONLY_ACTIVE_ARCH = YES;
				SDKROOT = iphoneos;
				SWIFT_ACTIVE_COMPILATION_CONDITIONS = DEBUG;
				SWIFT_OPTIMIZATION_LEVEL = "-Onone";
			};
			name = Debug;
		};
		DD9A376C28AD9B3F0041C507 /* Release */ = {
			isa = XCBuildConfiguration;
			buildSettings = {
				ALWAYS_SEARCH_USER_PATHS = NO;
				CLANG_ANALYZER_NONNULL = YES;
				CLANG_ANALYZER_NUMBER_OBJECT_CONVERSION = YES_AGGRESSIVE;
				CLANG_CXX_LANGUAGE_STANDARD = "gnu++17";
				CLANG_CXX_LIBRARY = "libc++";
				CLANG_ENABLE_MODULES = YES;
				CLANG_ENABLE_OBJC_ARC = YES;
				CLANG_ENABLE_OBJC_WEAK = YES;
				CLANG_WARN_BLOCK_CAPTURE_AUTORELEASING = YES;
				CLANG_WARN_BOOL_CONVERSION = YES;
				CLANG_WARN_COMMA = YES;
				CLANG_WARN_CONSTANT_CONVERSION = YES;
				CLANG_WARN_DEPRECATED_OBJC_IMPLEMENTATIONS = YES;
				CLANG_WARN_DIRECT_OBJC_ISA_USAGE = YES_ERROR;
				CLANG_WARN_DOCUMENTATION_COMMENTS = YES;
				CLANG_WARN_EMPTY_BODY = YES;
				CLANG_WARN_ENUM_CONVERSION = YES;
				CLANG_WARN_INFINITE_RECURSION = YES;
				CLANG_WARN_INT_CONVERSION = YES;
				CLANG_WARN_NON_LITERAL_NULL_CONVERSION = YES;
				CLANG_WARN_OBJC_IMPLICIT_RETAIN_SELF = YES;
				CLANG_WARN_OBJC_LITERAL_CONVERSION = YES;
				CLANG_WARN_OBJC_ROOT_CLASS = YES_ERROR;
				CLANG_WARN_QUOTED_INCLUDE_IN_FRAMEWORK_HEADER = YES;
				CLANG_WARN_RANGE_LOOP_ANALYSIS = YES;
				CLANG_WARN_STRICT_PROTOTYPES = YES;
				CLANG_WARN_SUSPICIOUS_MOVE = YES;
				CLANG_WARN_UNGUARDED_AVAILABILITY = YES_AGGRESSIVE;
				CLANG_WARN_UNREACHABLE_CODE = YES;
				CLANG_WARN__DUPLICATE_METHOD_MATCH = YES;
				COPY_PHASE_STRIP = NO;
				DEBUG_INFORMATION_FORMAT = "dwarf-with-dsym";
				ENABLE_NS_ASSERTIONS = NO;
				ENABLE_STRICT_OBJC_MSGSEND = YES;
				GCC_C_LANGUAGE_STANDARD = gnu11;
				GCC_NO_COMMON_BLOCKS = YES;
				GCC_WARN_64_TO_32_BIT_CONVERSION = YES;
				GCC_WARN_ABOUT_RETURN_TYPE = YES_ERROR;
				GCC_WARN_UNDECLARED_SELECTOR = YES;
				GCC_WARN_UNINITIALIZED_AUTOS = YES_AGGRESSIVE;
				GCC_WARN_UNUSED_FUNCTION = YES;
				GCC_WARN_UNUSED_VARIABLE = YES;
				IPHONEOS_DEPLOYMENT_TARGET = 15.2;
				MTL_ENABLE_DEBUG_INFO = NO;
				MTL_FAST_MATH = YES;
				SDKROOT = iphoneos;
				SWIFT_COMPILATION_MODE = wholemodule;
				SWIFT_OPTIMIZATION_LEVEL = "-O";
				VALIDATE_PRODUCT = YES;
			};
			name = Release;
		};
		DD9A376E28AD9B3F0041C507 /* Debug */ = {
			isa = XCBuildConfiguration;
			buildSettings = {
				ASSETCATALOG_COMPILER_APPICON_NAME = AppIcon;
				ASSETCATALOG_COMPILER_GLOBAL_ACCENT_COLOR_NAME = AccentColor;
				CODE_SIGN_STYLE = Automatic;
				CURRENT_PROJECT_VERSION = 1;
				DEVELOPMENT_ASSET_PATHS = "\"SmartNutrition/Preview Content\"";
				ENABLE_PREVIEWS = YES;
				GENERATE_INFOPLIST_FILE = YES;
				INFOPLIST_KEY_UIApplicationSceneManifest_Generation = YES;
				INFOPLIST_KEY_UIApplicationSupportsIndirectInputEvents = YES;
				INFOPLIST_KEY_UILaunchScreen_Generation = YES;
				INFOPLIST_KEY_UISupportedInterfaceOrientations_iPad = "UIInterfaceOrientationPortrait UIInterfaceOrientationPortraitUpsideDown UIInterfaceOrientationLandscapeLeft UIInterfaceOrientationLandscapeRight";
				INFOPLIST_KEY_UISupportedInterfaceOrientations_iPhone = "UIInterfaceOrientationPortrait UIInterfaceOrientationLandscapeLeft UIInterfaceOrientationLandscapeRight";
				LD_RUNPATH_SEARCH_PATHS = (
					"$(inherited)",
					"@executable_path/Frameworks",
				);
				MARKETING_VERSION = 1.0;
				PRODUCT_BUNDLE_IDENTIFIER = Team.inutrition;
				PRODUCT_NAME = SmartNutrition;
				SWIFT_EMIT_LOC_STRINGS = YES;
				SWIFT_VERSION = 5.0;
				TARGETED_DEVICE_FAMILY = "1,2";
			};
			name = Debug;
		};
		DD9A376F28AD9B3F0041C507 /* Release */ = {
			isa = XCBuildConfiguration;
			buildSettings = {
				ASSETCATALOG_COMPILER_APPICON_NAME = AppIcon;
				ASSETCATALOG_COMPILER_GLOBAL_ACCENT_COLOR_NAME = AccentColor;
				CODE_SIGN_STYLE = Automatic;
				CURRENT_PROJECT_VERSION = 1;
				DEVELOPMENT_ASSET_PATHS = "\"SmartNutrition/Preview Content\"";
				ENABLE_PREVIEWS = YES;
				GENERATE_INFOPLIST_FILE = YES;
				INFOPLIST_KEY_UIApplicationSceneManifest_Generation = YES;
				INFOPLIST_KEY_UIApplicationSupportsIndirectInputEvents = YES;
				INFOPLIST_KEY_UILaunchScreen_Generation = YES;
				INFOPLIST_KEY_UISupportedInterfaceOrientations_iPad = "UIInterfaceOrientationPortrait UIInterfaceOrientationPortraitUpsideDown UIInterfaceOrientationLandscapeLeft UIInterfaceOrientationLandscapeRight";
				INFOPLIST_KEY_UISupportedInterfaceOrientations_iPhone = "UIInterfaceOrientationPortrait UIInterfaceOrientationLandscapeLeft UIInterfaceOrientationLandscapeRight";
				LD_RUNPATH_SEARCH_PATHS = (
					"$(inherited)",
					"@executable_path/Frameworks",
				);
				MARKETING_VERSION = 1.0;
				PRODUCT_BUNDLE_IDENTIFIER = Team.inutrition;
				PRODUCT_NAME = SmartNutrition;
				SWIFT_EMIT_LOC_STRINGS = YES;
				SWIFT_VERSION = 5.0;
				TARGETED_DEVICE_FAMILY = "1,2";
			};
			name = Release;
		};
/* End XCBuildConfiguration section */

/* Begin XCConfigurationList section */
		DD9A375A28AD9B3C0041C507 /* Build configuration list for PBXProject "SmartNutrition" */ = {
			isa = XCConfigurationList;
			buildConfigurations = (
				DD9A376B28AD9B3F0041C507 /* Debug */,
				DD9A376C28AD9B3F0041C507 /* Release */,
			);
			defaultConfigurationIsVisible = 0;
			defaultConfigurationName = Release;
		};
		DD9A376D28AD9B3F0041C507 /* Build configuration list for PBXNativeTarget "SmartNutrition" */ = {
			isa = XCConfigurationList;
			buildConfigurations = (
				DD9A376E28AD9B3F0041C507 /* Debug */,
				DD9A376F28AD9B3F0041C507 /* Release */,
			);
			defaultConfigurationIsVisible = 0;
			defaultConfigurationName = Release;
		};
/* End XCConfigurationList section */

/* Begin XCVersionGroup section */
		DD9A377128AD9C640041C507 /* FoodModel.xcdatamodeld */ = {
			isa = XCVersionGroup;
			children = (
				DD9A377228AD9C640041C507 /* FoodModel.xcdatamodel */,
			);
			currentVersion = DD9A377228AD9C640041C507 /* FoodModel.xcdatamodel */;
			path = FoodModel.xcdatamodeld;
			sourceTree = "<group>";
			versionGroupType = wrapper.xcdatamodel;
		};
/* End XCVersionGroup section */
	};
	rootObject = DD9A375728AD9B3C0041C507 /* Project object */;
}
